
Microsoft Visual Studio Solution File, Format Version 12.00
# Visual Studio Version 17
VisualStudioVersion = 17.0.32014.148
MinimumVisualStudioVersion = 10.0.40219.1
Project("{FAE04EC0-301F-11D3-BF4B-00C04F79EFBC}") = "ProjectsCreation", "ProjectsCreation\ProjectsCreation.csproj", "{DFED2073-CFF9-4A7A-BCF8-59E165C29EBA}"
EndProject
Global
	GlobalSection(SolutionConfigurationPlatforms) = preSolution
		Debug|Any CPU = Debug|Any CPU
		Release|Any CPU = Release|Any CPU
	EndGlobalSection
	GlobalSection(ProjectConfigurationPlatforms) = postSolution
		{DFED2073-CFF9-4A7A-BCF8-59E165C29EBA}.Debug|Any CPU.ActiveCfg = Debug|Any CPU
		{DFED2073-CFF9-4A7A-BCF8-59E165C29EBA}.Debug|Any CPU.Build.0 = Debug|Any CPU
		{DFED2073-CFF9-4A7A-BCF8-59E165C29EBA}.Release|Any CPU.ActiveCfg = Release|Any CPU
		{DFED2073-CFF9-4A7A-BCF8-59E165C29EBA}.Release|Any CPU.Build.0 = Release|Any CPU
	EndGlobalSection
	GlobalSection(SolutionProperties) = preSolution
		HideSolutionNode = FALSE
	EndGlobalSection
	GlobalSection(ExtensibilityGlobals) = postSolution
		SolutionGuid = {C6561102-391D-4B88-8499-A384E5A23B05}
	EndGlobalSection
EndGlobal
