
Microsoft Visual Studio Solution File, Format Version 12.00
# Visual Studio Version 17
VisualStudioVersion = 17.1.32210.238
MinimumVisualStudioVersion = 10.0.40219.1
Project("{9A19103F-16F7-4668-BE54-9A1E7A4F7556}") = "SortNumbers", "ConsoleApp1\SortNumbers.csproj", "{6F41FD19-B7BE-4BBC-90DD-EB8D1961136C}"
EndProject
Project("{9A19103F-16F7-4668-BE54-9A1E7A4F7556}") = "EnglishNameoftheLastDigit", "EnglishNameoftheLastDigit\EnglishNameoftheLastDigit.csproj", "{8DC8A157-89A9-4731-9180-E6F71E713057}"
EndProject
Project("{9A19103F-16F7-4668-BE54-9A1E7A4F7556}") = "GamingStore", "GamingStore\GamingStore.csproj", "{6C027C7C-0ED9-4D3F-B743-69D383AC3CFC}"
EndProject
Project("{9A19103F-16F7-4668-BE54-9A1E7A4F7556}") = "ReverseString", "ReverseString\ReverseString.csproj", "{6CD8DBF4-C5A1-4941-8B9D-85918670C7B8}"
EndProject
Project("{9A19103F-16F7-4668-BE54-9A1E7A4F7556}") = "Messages", "Messages\Messages.csproj", "{FA6BDE4B-1100-472C-92DD-5DBF3BD6DA27}"
EndProject
Project("{FAE04EC0-301F-11D3-BF4B-00C04F79EFBC}") = "LongestPalindromeSubList", "LongestPalindromeSubList\LongestPalindromeSubList.csproj", "{F1EE8FCD-69C8-4969-9281-11BC9F1B3ACD}"
EndProject
Global
	GlobalSection(SolutionConfigurationPlatforms) = preSolution
		Debug|Any CPU = Debug|Any CPU
		Release|Any CPU = Release|Any CPU
	EndGlobalSection
	GlobalSection(ProjectConfigurationPlatforms) = postSolution
		{6F41FD19-B7BE-4BBC-90DD-EB8D1961136C}.Debug|Any CPU.ActiveCfg = Debug|Any CPU
		{6F41FD19-B7BE-4BBC-90DD-EB8D1961136C}.Debug|Any CPU.Build.0 = Debug|Any CPU
		{6F41FD19-B7BE-4BBC-90DD-EB8D1961136C}.Release|Any CPU.ActiveCfg = Release|Any CPU
		{6F41FD19-B7BE-4BBC-90DD-EB8D1961136C}.Release|Any CPU.Build.0 = Release|Any CPU
		{8DC8A157-89A9-4731-9180-E6F71E713057}.Debug|Any CPU.ActiveCfg = Debug|Any CPU
		{8DC8A157-89A9-4731-9180-E6F71E713057}.Debug|Any CPU.Build.0 = Debug|Any CPU
		{8DC8A157-89A9-4731-9180-E6F71E713057}.Release|Any CPU.ActiveCfg = Release|Any CPU
		{8DC8A157-89A9-4731-9180-E6F71E713057}.Release|Any CPU.Build.0 = Release|Any CPU
		{6C027C7C-0ED9-4D3F-B743-69D383AC3CFC}.Debug|Any CPU.ActiveCfg = Debug|Any CPU
		{6C027C7C-0ED9-4D3F-B743-69D383AC3CFC}.Debug|Any CPU.Build.0 = Debug|Any CPU
		{6C027C7C-0ED9-4D3F-B743-69D383AC3CFC}.Release|Any CPU.ActiveCfg = Release|Any CPU
		{6C027C7C-0ED9-4D3F-B743-69D383AC3CFC}.Release|Any CPU.Build.0 = Release|Any CPU
		{6CD8DBF4-C5A1-4941-8B9D-85918670C7B8}.Debug|Any CPU.ActiveCfg = Debug|Any CPU
		{6CD8DBF4-C5A1-4941-8B9D-85918670C7B8}.Debug|Any CPU.Build.0 = Debug|Any CPU
		{6CD8DBF4-C5A1-4941-8B9D-85918670C7B8}.Release|Any CPU.ActiveCfg = Release|Any CPU
		{6CD8DBF4-C5A1-4941-8B9D-85918670C7B8}.Release|Any CPU.Build.0 = Release|Any CPU
		{FA6BDE4B-1100-472C-92DD-5DBF3BD6DA27}.Debug|Any CPU.ActiveCfg = Debug|Any CPU
		{FA6BDE4B-1100-472C-92DD-5DBF3BD6DA27}.Debug|Any CPU.Build.0 = Debug|Any CPU
		{FA6BDE4B-1100-472C-92DD-5DBF3BD6DA27}.Release|Any CPU.ActiveCfg = Release|Any CPU
		{FA6BDE4B-1100-472C-92DD-5DBF3BD6DA27}.Release|Any CPU.Build.0 = Release|Any CPU
		{F1EE8FCD-69C8-4969-9281-11BC9F1B3ACD}.Debug|Any CPU.ActiveCfg = Debug|Any CPU
		{F1EE8FCD-69C8-4969-9281-11BC9F1B3ACD}.Debug|Any CPU.Build.0 = Debug|Any CPU
		{F1EE8FCD-69C8-4969-9281-11BC9F1B3ACD}.Release|Any CPU.ActiveCfg = Release|Any CPU
		{F1EE8FCD-69C8-4969-9281-11BC9F1B3ACD}.Release|Any CPU.Build.0 = Release|Any CPU
	EndGlobalSection
	GlobalSection(SolutionProperties) = preSolution
		HideSolutionNode = FALSE
	EndGlobalSection
	GlobalSection(ExtensibilityGlobals) = postSolution
		SolutionGuid = {B3F56F2E-B32A-4D1D-8C0C-15C234EEB179}
	EndGlobalSection
EndGlobal
