
Microsoft Visual Studio Solution File, Format Version 12.00
# Visual Studio Version 17
VisualStudioVersion = 17.2.32602.215
MinimumVisualStudioVersion = 10.0.40219.1
Project("{FAE04EC0-301F-11D3-BF4B-00C04F79EFBC}") = "1.MathOperation", "1.MathOperation\1.MathOperation.csproj", "{596F9024-4326-4EF9-824E-4AC44DD9F799}"
EndProject
Project("{FAE04EC0-301F-11D3-BF4B-00C04F79EFBC}") = "2.Animals", "2.Animals\2.Animals.csproj", "{6AAC2E79-B9FF-48B7-BDD3-BA4D74B64867}"
EndProject
Project("{FAE04EC0-301F-11D3-BF4B-00C04F79EFBC}") = "3.Shapes", "3.Shapes\3.Shapes.csproj", "{7490D70F-3483-4C6A-82D5-E14B1D2ED7DC}"
EndProject
Global
	GlobalSection(SolutionConfigurationPlatforms) = preSolution
		Debug|Any CPU = Debug|Any CPU
		Release|Any CPU = Release|Any CPU
	EndGlobalSection
	GlobalSection(ProjectConfigurationPlatforms) = postSolution
		{596F9024-4326-4EF9-824E-4AC44DD9F799}.Debug|Any CPU.ActiveCfg = Debug|Any CPU
		{596F9024-4326-4EF9-824E-4AC44DD9F799}.Debug|Any CPU.Build.0 = Debug|Any CPU
		{596F9024-4326-4EF9-824E-4AC44DD9F799}.Release|Any CPU.ActiveCfg = Release|Any CPU
		{596F9024-4326-4EF9-824E-4AC44DD9F799}.Release|Any CPU.Build.0 = Release|Any CPU
		{6AAC2E79-B9FF-48B7-BDD3-BA4D74B64867}.Debug|Any CPU.ActiveCfg = Debug|Any CPU
		{6AAC2E79-B9FF-48B7-BDD3-BA4D74B64867}.Debug|Any CPU.Build.0 = Debug|Any CPU
		{6AAC2E79-B9FF-48B7-BDD3-BA4D74B64867}.Release|Any CPU.ActiveCfg = Release|Any CPU
		{6AAC2E79-B9FF-48B7-BDD3-BA4D74B64867}.Release|Any CPU.Build.0 = Release|Any CPU
		{7490D70F-3483-4C6A-82D5-E14B1D2ED7DC}.Debug|Any CPU.ActiveCfg = Debug|Any CPU
		{7490D70F-3483-4C6A-82D5-E14B1D2ED7DC}.Debug|Any CPU.Build.0 = Debug|Any CPU
		{7490D70F-3483-4C6A-82D5-E14B1D2ED7DC}.Release|Any CPU.ActiveCfg = Release|Any CPU
		{7490D70F-3483-4C6A-82D5-E14B1D2ED7DC}.Release|Any CPU.Build.0 = Release|Any CPU
	EndGlobalSection
	GlobalSection(SolutionProperties) = preSolution
		HideSolutionNode = FALSE
	EndGlobalSection
	GlobalSection(ExtensibilityGlobals) = postSolution
		SolutionGuid = {794DBC46-772F-479C-B79F-BDB4075D233E}
	EndGlobalSection
EndGlobal
