
Microsoft Visual Studio Solution File, Format Version 12.00
# Visual Studio Version 17
VisualStudioVersion = 17.2.32602.215
MinimumVisualStudioVersion = 10.0.40219.1
Project("{FAE04EC0-301F-11D3-BF4B-00C04F79EFBC}") = "1.MealPlan", "1.MealPlan\1.MealPlan.csproj", "{EF697487-BDEB-45E4-92E6-AB4499A6ADC7}"
EndProject
Project("{FAE04EC0-301F-11D3-BF4B-00C04F79EFBC}") = "2.TruffleHunter", "2.TruffleHunter\2.TruffleHunter.csproj", "{B792FA4A-780B-4E60-9ED8-10466E059104}"
EndProject
Project("{9A19103F-16F7-4668-BE54-9A1E7A4F7556}") = "Zoo", "Zoo\Zoo.csproj", "{5A4C5BDE-E657-42D5-9336-B87790FA1881}"
EndProject
Global
	GlobalSection(SolutionConfigurationPlatforms) = preSolution
		Debug|Any CPU = Debug|Any CPU
		Release|Any CPU = Release|Any CPU
	EndGlobalSection
	GlobalSection(ProjectConfigurationPlatforms) = postSolution
		{EF697487-BDEB-45E4-92E6-AB4499A6ADC7}.Debug|Any CPU.ActiveCfg = Debug|Any CPU
		{EF697487-BDEB-45E4-92E6-AB4499A6ADC7}.Debug|Any CPU.Build.0 = Debug|Any CPU
		{EF697487-BDEB-45E4-92E6-AB4499A6ADC7}.Release|Any CPU.ActiveCfg = Release|Any CPU
		{EF697487-BDEB-45E4-92E6-AB4499A6ADC7}.Release|Any CPU.Build.0 = Release|Any CPU
		{B792FA4A-780B-4E60-9ED8-10466E059104}.Debug|Any CPU.ActiveCfg = Debug|Any CPU
		{B792FA4A-780B-4E60-9ED8-10466E059104}.Debug|Any CPU.Build.0 = Debug|Any CPU
		{B792FA4A-780B-4E60-9ED8-10466E059104}.Release|Any CPU.ActiveCfg = Release|Any CPU
		{B792FA4A-780B-4E60-9ED8-10466E059104}.Release|Any CPU.Build.0 = Release|Any CPU
		{5A4C5BDE-E657-42D5-9336-B87790FA1881}.Debug|Any CPU.ActiveCfg = Debug|Any CPU
		{5A4C5BDE-E657-42D5-9336-B87790FA1881}.Debug|Any CPU.Build.0 = Debug|Any CPU
		{5A4C5BDE-E657-42D5-9336-B87790FA1881}.Release|Any CPU.ActiveCfg = Release|Any CPU
		{5A4C5BDE-E657-42D5-9336-B87790FA1881}.Release|Any CPU.Build.0 = Release|Any CPU
	EndGlobalSection
	GlobalSection(SolutionProperties) = preSolution
		HideSolutionNode = FALSE
	EndGlobalSection
	GlobalSection(ExtensibilityGlobals) = postSolution
		SolutionGuid = {D4EE1980-0BB8-4516-8138-45A71AB6129C}
	EndGlobalSection
EndGlobal
