
Microsoft Visual Studio Solution File, Format Version 12.00
# Visual Studio Version 17
VisualStudioVersion = 17.2.32602.215
MinimumVisualStudioVersion = 10.0.40219.1
Project("{9A19103F-16F7-4668-BE54-9A1E7A4F7556}") = "1.ListyIterator", "1.ListyIterator\1.ListyIterator.csproj", "{D9E3D150-6628-419D-905C-01221B55D98F}"
EndProject
Project("{FAE04EC0-301F-11D3-BF4B-00C04F79EFBC}") = "2.Collection", "2.Collection\2.Collection.csproj", "{B6DC6C63-3494-494C-9FBE-B35B9F9CF958}"
EndProject
Global
	GlobalSection(SolutionConfigurationPlatforms) = preSolution
		Debug|Any CPU = Debug|Any CPU
		Release|Any CPU = Release|Any CPU
	EndGlobalSection
	GlobalSection(ProjectConfigurationPlatforms) = postSolution
		{D9E3D150-6628-419D-905C-01221B55D98F}.Debug|Any CPU.ActiveCfg = Debug|Any CPU
		{D9E3D150-6628-419D-905C-01221B55D98F}.Debug|Any CPU.Build.0 = Debug|Any CPU
		{D9E3D150-6628-419D-905C-01221B55D98F}.Release|Any CPU.ActiveCfg = Release|Any CPU
		{D9E3D150-6628-419D-905C-01221B55D98F}.Release|Any CPU.Build.0 = Release|Any CPU
		{B6DC6C63-3494-494C-9FBE-B35B9F9CF958}.Debug|Any CPU.ActiveCfg = Debug|Any CPU
		{B6DC6C63-3494-494C-9FBE-B35B9F9CF958}.Debug|Any CPU.Build.0 = Debug|Any CPU
		{B6DC6C63-3494-494C-9FBE-B35B9F9CF958}.Release|Any CPU.ActiveCfg = Release|Any CPU
		{B6DC6C63-3494-494C-9FBE-B35B9F9CF958}.Release|Any CPU.Build.0 = Release|Any CPU
	EndGlobalSection
	GlobalSection(SolutionProperties) = preSolution
		HideSolutionNode = FALSE
	EndGlobalSection
	GlobalSection(ExtensibilityGlobals) = postSolution
		SolutionGuid = {19AD0423-6BF6-469D-A741-5183E5D3BBF3}
	EndGlobalSection
EndGlobal
