
Microsoft Visual Studio Solution File, Format Version 12.00
# Visual Studio Version 17
VisualStudioVersion = 17.0.32014.148
MinimumVisualStudioVersion = 10.0.40219.1
Project("{9A19103F-16F7-4668-BE54-9A1E7A4F7556}") = "zad5", "zad5\zad5.csproj", "{8EBCE4FF-DEF6-4F34-BA0C-DFBD0E4F930E}"
EndProject
Project("{9A19103F-16F7-4668-BE54-9A1E7A4F7556}") = "zad6", "zad6\zad6.csproj", "{27E34448-D017-499D-9F8E-BC6D41FD1256}"
EndProject
Project("{9A19103F-16F7-4668-BE54-9A1E7A4F7556}") = "zad7", "zad7\zad7.csproj", "{C631F9FE-D5A9-48D1-A761-82B2E81F365C}"
EndProject
Project("{9A19103F-16F7-4668-BE54-9A1E7A4F7556}") = "zad8", "zad8\zad8.csproj", "{582926DF-57AE-4169-B8BD-76E48287CCCC}"
EndProject
Project("{9A19103F-16F7-4668-BE54-9A1E7A4F7556}") = "zad9", "zad9\zad9.csproj", "{5DDAFCBC-92EC-4204-AEC5-D24F2323E087}"
EndProject
Project("{9A19103F-16F7-4668-BE54-9A1E7A4F7556}") = "zad10", "zad10\zad10.csproj", "{E592DAA3-C13F-4FBE-B4F9-FFD151063D8C}"
EndProject
Project("{9A19103F-16F7-4668-BE54-9A1E7A4F7556}") = "zad4", "zad4\zad4.csproj", "{E82CB109-AB34-436F-AF8D-031D729A88C1}"
EndProject
Project("{9A19103F-16F7-4668-BE54-9A1E7A4F7556}") = "zad3", "zad3\zad3.csproj", "{77D2B935-A677-4E44-8221-FDC2FBDC6CB5}"
EndProject
Project("{9A19103F-16F7-4668-BE54-9A1E7A4F7556}") = "zad2", "zad2\zad2.csproj", "{C30848DF-3A54-471E-8FBC-DD53173136DB}"
EndProject
Project("{9A19103F-16F7-4668-BE54-9A1E7A4F7556}") = "zad1", "zad1\zad1.csproj", "{E32769B7-CD66-4259-9651-05E5FEBC4547}"
EndProject
Global
	GlobalSection(SolutionConfigurationPlatforms) = preSolution
		Debug|Any CPU = Debug|Any CPU
		Release|Any CPU = Release|Any CPU
	EndGlobalSection
	GlobalSection(ProjectConfigurationPlatforms) = postSolution
		{8EBCE4FF-DEF6-4F34-BA0C-DFBD0E4F930E}.Debug|Any CPU.ActiveCfg = Debug|Any CPU
		{8EBCE4FF-DEF6-4F34-BA0C-DFBD0E4F930E}.Debug|Any CPU.Build.0 = Debug|Any CPU
		{8EBCE4FF-DEF6-4F34-BA0C-DFBD0E4F930E}.Release|Any CPU.ActiveCfg = Release|Any CPU
		{8EBCE4FF-DEF6-4F34-BA0C-DFBD0E4F930E}.Release|Any CPU.Build.0 = Release|Any CPU
		{27E34448-D017-499D-9F8E-BC6D41FD1256}.Debug|Any CPU.ActiveCfg = Debug|Any CPU
		{27E34448-D017-499D-9F8E-BC6D41FD1256}.Debug|Any CPU.Build.0 = Debug|Any CPU
		{27E34448-D017-499D-9F8E-BC6D41FD1256}.Release|Any CPU.ActiveCfg = Release|Any CPU
		{27E34448-D017-499D-9F8E-BC6D41FD1256}.Release|Any CPU.Build.0 = Release|Any CPU
		{C631F9FE-D5A9-48D1-A761-82B2E81F365C}.Debug|Any CPU.ActiveCfg = Debug|Any CPU
		{C631F9FE-D5A9-48D1-A761-82B2E81F365C}.Debug|Any CPU.Build.0 = Debug|Any CPU
		{C631F9FE-D5A9-48D1-A761-82B2E81F365C}.Release|Any CPU.ActiveCfg = Release|Any CPU
		{C631F9FE-D5A9-48D1-A761-82B2E81F365C}.Release|Any CPU.Build.0 = Release|Any CPU
		{582926DF-57AE-4169-B8BD-76E48287CCCC}.Debug|Any CPU.ActiveCfg = Debug|Any CPU
		{582926DF-57AE-4169-B8BD-76E48287CCCC}.Debug|Any CPU.Build.0 = Debug|Any CPU
		{582926DF-57AE-4169-B8BD-76E48287CCCC}.Release|Any CPU.ActiveCfg = Release|Any CPU
		{582926DF-57AE-4169-B8BD-76E48287CCCC}.Release|Any CPU.Build.0 = Release|Any CPU
		{5DDAFCBC-92EC-4204-AEC5-D24F2323E087}.Debug|Any CPU.ActiveCfg = Debug|Any CPU
		{5DDAFCBC-92EC-4204-AEC5-D24F2323E087}.Debug|Any CPU.Build.0 = Debug|Any CPU
		{5DDAFCBC-92EC-4204-AEC5-D24F2323E087}.Release|Any CPU.ActiveCfg = Release|Any CPU
		{5DDAFCBC-92EC-4204-AEC5-D24F2323E087}.Release|Any CPU.Build.0 = Release|Any CPU
		{E592DAA3-C13F-4FBE-B4F9-FFD151063D8C}.Debug|Any CPU.ActiveCfg = Debug|Any CPU
		{E592DAA3-C13F-4FBE-B4F9-FFD151063D8C}.Debug|Any CPU.Build.0 = Debug|Any CPU
		{E592DAA3-C13F-4FBE-B4F9-FFD151063D8C}.Release|Any CPU.ActiveCfg = Release|Any CPU
		{E592DAA3-C13F-4FBE-B4F9-FFD151063D8C}.Release|Any CPU.Build.0 = Release|Any CPU
		{E82CB109-AB34-436F-AF8D-031D729A88C1}.Debug|Any CPU.ActiveCfg = Debug|Any CPU
		{E82CB109-AB34-436F-AF8D-031D729A88C1}.Debug|Any CPU.Build.0 = Debug|Any CPU
		{E82CB109-AB34-436F-AF8D-031D729A88C1}.Release|Any CPU.ActiveCfg = Release|Any CPU
		{E82CB109-AB34-436F-AF8D-031D729A88C1}.Release|Any CPU.Build.0 = Release|Any CPU
		{77D2B935-A677-4E44-8221-FDC2FBDC6CB5}.Debug|Any CPU.ActiveCfg = Debug|Any CPU
		{77D2B935-A677-4E44-8221-FDC2FBDC6CB5}.Debug|Any CPU.Build.0 = Debug|Any CPU
		{77D2B935-A677-4E44-8221-FDC2FBDC6CB5}.Release|Any CPU.ActiveCfg = Release|Any CPU
		{77D2B935-A677-4E44-8221-FDC2FBDC6CB5}.Release|Any CPU.Build.0 = Release|Any CPU
		{C30848DF-3A54-471E-8FBC-DD53173136DB}.Debug|Any CPU.ActiveCfg = Debug|Any CPU
		{C30848DF-3A54-471E-8FBC-DD53173136DB}.Debug|Any CPU.Build.0 = Debug|Any CPU
		{C30848DF-3A54-471E-8FBC-DD53173136DB}.Release|Any CPU.ActiveCfg = Release|Any CPU
		{C30848DF-3A54-471E-8FBC-DD53173136DB}.Release|Any CPU.Build.0 = Release|Any CPU
		{E32769B7-CD66-4259-9651-05E5FEBC4547}.Debug|Any CPU.ActiveCfg = Debug|Any CPU
		{E32769B7-CD66-4259-9651-05E5FEBC4547}.Debug|Any CPU.Build.0 = Debug|Any CPU
		{E32769B7-CD66-4259-9651-05E5FEBC4547}.Release|Any CPU.ActiveCfg = Release|Any CPU
		{E32769B7-CD66-4259-9651-05E5FEBC4547}.Release|Any CPU.Build.0 = Release|Any CPU
	EndGlobalSection
	GlobalSection(SolutionProperties) = preSolution
		HideSolutionNode = FALSE
	EndGlobalSection
	GlobalSection(ExtensibilityGlobals) = postSolution
		SolutionGuid = {55D9FB4C-08F8-4EC8-AA62-82780A5A202A}
	EndGlobalSection
EndGlobal
