
Microsoft Visual Studio Solution File, Format Version 12.00
# Visual Studio Version 17
VisualStudioVersion = 17.2.32602.215
MinimumVisualStudioVersion = 10.0.40219.1
Project("{FAE04EC0-301F-11D3-BF4B-00C04F79EFBC}") = "1. Basic Stack Operations", "1. Basic Stack Operations\1. Basic Stack Operations.csproj", "{9C55A4F6-C2C5-4EE2-9F30-F60731B5E0B7}"
EndProject
Project("{FAE04EC0-301F-11D3-BF4B-00C04F79EFBC}") = "2. Basic Queue Operations", "2. Basic Queue Operations\2. Basic Queue Operations.csproj", "{D3BAA35C-8047-4ABA-A2D7-D8B67F80E9A9}"
EndProject
Project("{FAE04EC0-301F-11D3-BF4B-00C04F79EFBC}") = "3. Maximum and Minimum Element", "3. Maximum and Minimum Element\3. Maximum and Minimum Element.csproj", "{3D59441D-0A4C-4DC8-9C5D-00B2148EEA58}"
EndProject
Project("{FAE04EC0-301F-11D3-BF4B-00C04F79EFBC}") = "4. Fast Food", "4. Fast Food\4. Fast Food.csproj", "{0A8ED861-7B54-4CE8-80DB-F45B4A274A19}"
EndProject
Project("{FAE04EC0-301F-11D3-BF4B-00C04F79EFBC}") = "7. Truck Tour", "7. Truck Tour\7. Truck Tour.csproj", "{E5C796C6-8B8F-4439-814E-BDE8C2D14199}"
EndProject
Project("{FAE04EC0-301F-11D3-BF4B-00C04F79EFBC}") = "6. Songs Queue", "6. Songs Queue\6. Songs Queue.csproj", "{844687CE-01CA-453A-9FB1-69713A24217B}"
EndProject
Project("{FAE04EC0-301F-11D3-BF4B-00C04F79EFBC}") = "8. Balanced Parenthesis", "8. Balanced Parenthesis\8. Balanced Parenthesis.csproj", "{A99F8792-0091-4EC5-A285-5C7BA2CC07DB}"
EndProject
Project("{FAE04EC0-301F-11D3-BF4B-00C04F79EFBC}") = "9. Simple Text Editor", "9. Simple Text Editor\9. Simple Text Editor.csproj", "{E6792E34-2E3B-48EE-9B92-3EA3554D4254}"
EndProject
Project("{FAE04EC0-301F-11D3-BF4B-00C04F79EFBC}") = "5. Fashion Boutique", "5. Fashion Boutique\5. Fashion Boutique.csproj", "{73668095-0F98-4690-BFAE-06F7E47C16D5}"
EndProject
Global
	GlobalSection(SolutionConfigurationPlatforms) = preSolution
		Debug|Any CPU = Debug|Any CPU
		Release|Any CPU = Release|Any CPU
	EndGlobalSection
	GlobalSection(ProjectConfigurationPlatforms) = postSolution
		{9C55A4F6-C2C5-4EE2-9F30-F60731B5E0B7}.Debug|Any CPU.ActiveCfg = Debug|Any CPU
		{9C55A4F6-C2C5-4EE2-9F30-F60731B5E0B7}.Debug|Any CPU.Build.0 = Debug|Any CPU
		{9C55A4F6-C2C5-4EE2-9F30-F60731B5E0B7}.Release|Any CPU.ActiveCfg = Release|Any CPU
		{9C55A4F6-C2C5-4EE2-9F30-F60731B5E0B7}.Release|Any CPU.Build.0 = Release|Any CPU
		{D3BAA35C-8047-4ABA-A2D7-D8B67F80E9A9}.Debug|Any CPU.ActiveCfg = Debug|Any CPU
		{D3BAA35C-8047-4ABA-A2D7-D8B67F80E9A9}.Debug|Any CPU.Build.0 = Debug|Any CPU
		{D3BAA35C-8047-4ABA-A2D7-D8B67F80E9A9}.Release|Any CPU.ActiveCfg = Release|Any CPU
		{D3BAA35C-8047-4ABA-A2D7-D8B67F80E9A9}.Release|Any CPU.Build.0 = Release|Any CPU
		{3D59441D-0A4C-4DC8-9C5D-00B2148EEA58}.Debug|Any CPU.ActiveCfg = Debug|Any CPU
		{3D59441D-0A4C-4DC8-9C5D-00B2148EEA58}.Debug|Any CPU.Build.0 = Debug|Any CPU
		{3D59441D-0A4C-4DC8-9C5D-00B2148EEA58}.Release|Any CPU.ActiveCfg = Release|Any CPU
		{3D59441D-0A4C-4DC8-9C5D-00B2148EEA58}.Release|Any CPU.Build.0 = Release|Any CPU
		{0A8ED861-7B54-4CE8-80DB-F45B4A274A19}.Debug|Any CPU.ActiveCfg = Debug|Any CPU
		{0A8ED861-7B54-4CE8-80DB-F45B4A274A19}.Debug|Any CPU.Build.0 = Debug|Any CPU
		{0A8ED861-7B54-4CE8-80DB-F45B4A274A19}.Release|Any CPU.ActiveCfg = Release|Any CPU
		{0A8ED861-7B54-4CE8-80DB-F45B4A274A19}.Release|Any CPU.Build.0 = Release|Any CPU
		{E5C796C6-8B8F-4439-814E-BDE8C2D14199}.Debug|Any CPU.ActiveCfg = Debug|Any CPU
		{E5C796C6-8B8F-4439-814E-BDE8C2D14199}.Debug|Any CPU.Build.0 = Debug|Any CPU
		{E5C796C6-8B8F-4439-814E-BDE8C2D14199}.Release|Any CPU.ActiveCfg = Release|Any CPU
		{E5C796C6-8B8F-4439-814E-BDE8C2D14199}.Release|Any CPU.Build.0 = Release|Any CPU
		{844687CE-01CA-453A-9FB1-69713A24217B}.Debug|Any CPU.ActiveCfg = Debug|Any CPU
		{844687CE-01CA-453A-9FB1-69713A24217B}.Debug|Any CPU.Build.0 = Debug|Any CPU
		{844687CE-01CA-453A-9FB1-69713A24217B}.Release|Any CPU.ActiveCfg = Release|Any CPU
		{844687CE-01CA-453A-9FB1-69713A24217B}.Release|Any CPU.Build.0 = Release|Any CPU
		{A99F8792-0091-4EC5-A285-5C7BA2CC07DB}.Debug|Any CPU.ActiveCfg = Debug|Any CPU
		{A99F8792-0091-4EC5-A285-5C7BA2CC07DB}.Debug|Any CPU.Build.0 = Debug|Any CPU
		{A99F8792-0091-4EC5-A285-5C7BA2CC07DB}.Release|Any CPU.ActiveCfg = Release|Any CPU
		{A99F8792-0091-4EC5-A285-5C7BA2CC07DB}.Release|Any CPU.Build.0 = Release|Any CPU
		{E6792E34-2E3B-48EE-9B92-3EA3554D4254}.Debug|Any CPU.ActiveCfg = Debug|Any CPU
		{E6792E34-2E3B-48EE-9B92-3EA3554D4254}.Debug|Any CPU.Build.0 = Debug|Any CPU
		{E6792E34-2E3B-48EE-9B92-3EA3554D4254}.Release|Any CPU.ActiveCfg = Release|Any CPU
		{E6792E34-2E3B-48EE-9B92-3EA3554D4254}.Release|Any CPU.Build.0 = Release|Any CPU
		{73668095-0F98-4690-BFAE-06F7E47C16D5}.Debug|Any CPU.ActiveCfg = Debug|Any CPU
		{73668095-0F98-4690-BFAE-06F7E47C16D5}.Debug|Any CPU.Build.0 = Debug|Any CPU
		{73668095-0F98-4690-BFAE-06F7E47C16D5}.Release|Any CPU.ActiveCfg = Release|Any CPU
		{73668095-0F98-4690-BFAE-06F7E47C16D5}.Release|Any CPU.Build.0 = Release|Any CPU
	EndGlobalSection
	GlobalSection(SolutionProperties) = preSolution
		HideSolutionNode = FALSE
	EndGlobalSection
	GlobalSection(ExtensibilityGlobals) = postSolution
		SolutionGuid = {C80265BA-F09A-4D4B-A9D3-F301B6C11B64}
	EndGlobalSection
EndGlobal
