
Microsoft Visual Studio Solution File, Format Version 12.00
# Visual Studio Version 17
VisualStudioVersion = 17.2.32602.215
MinimumVisualStudioVersion = 10.0.40219.1
Project("{FAE04EC0-301F-11D3-BF4B-00C04F79EFBC}") = "1. Basic Stack Operations", "1. Basic Stack Operations\1. Basic Stack Operations.csproj", "{9C55A4F6-C2C5-4EE2-9F30-F60731B5E0B7}"
EndProject
Global
	GlobalSection(SolutionConfigurationPlatforms) = preSolution
		Debug|Any CPU = Debug|Any CPU
		Release|Any CPU = Release|Any CPU
	EndGlobalSection
	GlobalSection(ProjectConfigurationPlatforms) = postSolution
		{9C55A4F6-C2C5-4EE2-9F30-F60731B5E0B7}.Debug|Any CPU.ActiveCfg = Debug|Any CPU
		{9C55A4F6-C2C5-4EE2-9F30-F60731B5E0B7}.Debug|Any CPU.Build.0 = Debug|Any CPU
		{9C55A4F6-C2C5-4EE2-9F30-F60731B5E0B7}.Release|Any CPU.ActiveCfg = Release|Any CPU
		{9C55A4F6-C2C5-4EE2-9F30-F60731B5E0B7}.Release|Any CPU.Build.0 = Release|Any CPU
	EndGlobalSection
	GlobalSection(SolutionProperties) = preSolution
		HideSolutionNode = FALSE
	EndGlobalSection
	GlobalSection(ExtensibilityGlobals) = postSolution
		SolutionGuid = {C80265BA-F09A-4D4B-A9D3-F301B6C11B64}
	EndGlobalSection
EndGlobal
