
Microsoft Visual Studio Solution File, Format Version 12.00
# Visual Studio Version 17
VisualStudioVersion = 17.2.32602.215
MinimumVisualStudioVersion = 10.0.40219.1
Project("{FAE04EC0-301F-11D3-BF4B-00C04F79EFBC}") = "1. Black Flag", "1. Black Flag\1. Black Flag.csproj", "{2E716F34-D01A-494A-BE02-47DC1649651D}"
EndProject
Project("{FAE04EC0-301F-11D3-BF4B-00C04F79EFBC}") = "2. Treasure Hunt", "2. Treasure Hunt\2. Treasure Hunt.csproj", "{848D2BC9-9027-4A02-A506-1DD69F7DDCC0}"
EndProject
Project("{FAE04EC0-301F-11D3-BF4B-00C04F79EFBC}") = "3. Man O War", "3. Man O War\3. Man O War.csproj", "{CC27A1BC-1E42-4A42-A531-2D62B3FF6BA1}"
EndProject
Global
	GlobalSection(SolutionConfigurationPlatforms) = preSolution
		Debug|Any CPU = Debug|Any CPU
		Release|Any CPU = Release|Any CPU
	EndGlobalSection
	GlobalSection(ProjectConfigurationPlatforms) = postSolution
		{2E716F34-D01A-494A-BE02-47DC1649651D}.Debug|Any CPU.ActiveCfg = Debug|Any CPU
		{2E716F34-D01A-494A-BE02-47DC1649651D}.Debug|Any CPU.Build.0 = Debug|Any CPU
		{2E716F34-D01A-494A-BE02-47DC1649651D}.Release|Any CPU.ActiveCfg = Release|Any CPU
		{2E716F34-D01A-494A-BE02-47DC1649651D}.Release|Any CPU.Build.0 = Release|Any CPU
		{848D2BC9-9027-4A02-A506-1DD69F7DDCC0}.Debug|Any CPU.ActiveCfg = Debug|Any CPU
		{848D2BC9-9027-4A02-A506-1DD69F7DDCC0}.Debug|Any CPU.Build.0 = Debug|Any CPU
		{848D2BC9-9027-4A02-A506-1DD69F7DDCC0}.Release|Any CPU.ActiveCfg = Release|Any CPU
		{848D2BC9-9027-4A02-A506-1DD69F7DDCC0}.Release|Any CPU.Build.0 = Release|Any CPU
		{CC27A1BC-1E42-4A42-A531-2D62B3FF6BA1}.Debug|Any CPU.ActiveCfg = Debug|Any CPU
		{CC27A1BC-1E42-4A42-A531-2D62B3FF6BA1}.Debug|Any CPU.Build.0 = Debug|Any CPU
		{CC27A1BC-1E42-4A42-A531-2D62B3FF6BA1}.Release|Any CPU.ActiveCfg = Release|Any CPU
		{CC27A1BC-1E42-4A42-A531-2D62B3FF6BA1}.Release|Any CPU.Build.0 = Release|Any CPU
	EndGlobalSection
	GlobalSection(SolutionProperties) = preSolution
		HideSolutionNode = FALSE
	EndGlobalSection
	GlobalSection(ExtensibilityGlobals) = postSolution
		SolutionGuid = {628FE9F8-47F3-4188-A8F4-04EAD8F45EEE}
	EndGlobalSection
EndGlobal
