
Microsoft Visual Studio Solution File, Format Version 12.00
# Visual Studio Version 17
VisualStudioVersion = 17.2.32602.215
MinimumVisualStudioVersion = 10.0.40219.1
Project("{9A19103F-16F7-4668-BE54-9A1E7A4F7556}") = "1. Computer Store", "1. Computer Store\1. Computer Store.csproj", "{2349186E-3756-45CE-85DE-43A66C711074}"
EndProject
Project("{FAE04EC0-301F-11D3-BF4B-00C04F79EFBC}") = "2. The Lift", "2. The Lift\2. The Lift.csproj", "{4D7AC3B8-FB82-41AA-A3DE-6BE5ED2B8802}"
EndProject
Project("{FAE04EC0-301F-11D3-BF4B-00C04F79EFBC}") = "3. Memory Game", "3. Memory Game\3. Memory Game.csproj", "{489F297E-67F9-4A6D-AD09-20EFAE04C57F}"
EndProject
Global
	GlobalSection(SolutionConfigurationPlatforms) = preSolution
		Debug|Any CPU = Debug|Any CPU
		Release|Any CPU = Release|Any CPU
	EndGlobalSection
	GlobalSection(ProjectConfigurationPlatforms) = postSolution
		{2349186E-3756-45CE-85DE-43A66C711074}.Debug|Any CPU.ActiveCfg = Debug|Any CPU
		{2349186E-3756-45CE-85DE-43A66C711074}.Debug|Any CPU.Build.0 = Debug|Any CPU
		{2349186E-3756-45CE-85DE-43A66C711074}.Release|Any CPU.ActiveCfg = Release|Any CPU
		{2349186E-3756-45CE-85DE-43A66C711074}.Release|Any CPU.Build.0 = Release|Any CPU
		{4D7AC3B8-FB82-41AA-A3DE-6BE5ED2B8802}.Debug|Any CPU.ActiveCfg = Debug|Any CPU
		{4D7AC3B8-FB82-41AA-A3DE-6BE5ED2B8802}.Debug|Any CPU.Build.0 = Debug|Any CPU
		{4D7AC3B8-FB82-41AA-A3DE-6BE5ED2B8802}.Release|Any CPU.ActiveCfg = Release|Any CPU
		{4D7AC3B8-FB82-41AA-A3DE-6BE5ED2B8802}.Release|Any CPU.Build.0 = Release|Any CPU
		{489F297E-67F9-4A6D-AD09-20EFAE04C57F}.Debug|Any CPU.ActiveCfg = Debug|Any CPU
		{489F297E-67F9-4A6D-AD09-20EFAE04C57F}.Debug|Any CPU.Build.0 = Debug|Any CPU
		{489F297E-67F9-4A6D-AD09-20EFAE04C57F}.Release|Any CPU.ActiveCfg = Release|Any CPU
		{489F297E-67F9-4A6D-AD09-20EFAE04C57F}.Release|Any CPU.Build.0 = Release|Any CPU
	EndGlobalSection
	GlobalSection(SolutionProperties) = preSolution
		HideSolutionNode = FALSE
	EndGlobalSection
	GlobalSection(ExtensibilityGlobals) = postSolution
		SolutionGuid = {EEEEF926-819C-4AD7-B14B-E835471C246E}
	EndGlobalSection
EndGlobal
