
Microsoft Visual Studio Solution File, Format Version 12.00
# Visual Studio Version 17
VisualStudioVersion = 17.6.33723.286
MinimumVisualStudioVersion = 10.0.40219.1
Project("{FAE04EC0-301F-11D3-BF4B-00C04F79EFBC}") = "MVCIntroDemo", "MVCIntroDemo\MVCIntroDemo.csproj", "{C21F44CA-0726-44F2-B16F-80628976D0CE}"
EndProject
Project("{FAE04EC0-301F-11D3-BF4B-00C04F79EFBC}") = "ChatApp", "ChatApp\ChatApp.csproj", "{05AFB13E-E116-40D2-9E15-5707759B009F}"
EndProject
Project("{FAE04EC0-301F-11D3-BF4B-00C04F79EFBC}") = "TextSplitterApp", "TextSplitterApp\TextSplitterApp.csproj", "{4425EAB8-9299-4ADC-8F3A-ACEA5D4AC9A7}"
EndProject
Global
	GlobalSection(SolutionConfigurationPlatforms) = preSolution
		Debug|Any CPU = Debug|Any CPU
		Release|Any CPU = Release|Any CPU
	EndGlobalSection
	GlobalSection(ProjectConfigurationPlatforms) = postSolution
		{C21F44CA-0726-44F2-B16F-80628976D0CE}.Debug|Any CPU.ActiveCfg = Debug|Any CPU
		{C21F44CA-0726-44F2-B16F-80628976D0CE}.Debug|Any CPU.Build.0 = Debug|Any CPU
		{C21F44CA-0726-44F2-B16F-80628976D0CE}.Release|Any CPU.ActiveCfg = Release|Any CPU
		{C21F44CA-0726-44F2-B16F-80628976D0CE}.Release|Any CPU.Build.0 = Release|Any CPU
		{05AFB13E-E116-40D2-9E15-5707759B009F}.Debug|Any CPU.ActiveCfg = Debug|Any CPU
		{05AFB13E-E116-40D2-9E15-5707759B009F}.Debug|Any CPU.Build.0 = Debug|Any CPU
		{05AFB13E-E116-40D2-9E15-5707759B009F}.Release|Any CPU.ActiveCfg = Release|Any CPU
		{05AFB13E-E116-40D2-9E15-5707759B009F}.Release|Any CPU.Build.0 = Release|Any CPU
		{4425EAB8-9299-4ADC-8F3A-ACEA5D4AC9A7}.Debug|Any CPU.ActiveCfg = Debug|Any CPU
		{4425EAB8-9299-4ADC-8F3A-ACEA5D4AC9A7}.Debug|Any CPU.Build.0 = Debug|Any CPU
		{4425EAB8-9299-4ADC-8F3A-ACEA5D4AC9A7}.Release|Any CPU.ActiveCfg = Release|Any CPU
		{4425EAB8-9299-4ADC-8F3A-ACEA5D4AC9A7}.Release|Any CPU.Build.0 = Release|Any CPU
	EndGlobalSection
	GlobalSection(SolutionProperties) = preSolution
		HideSolutionNode = FALSE
	EndGlobalSection
	GlobalSection(ExtensibilityGlobals) = postSolution
		SolutionGuid = {1BC8CF7B-8159-4A73-858E-59B54CD4CFE8}
	EndGlobalSection
EndGlobal
