
Microsoft Visual Studio Solution File, Format Version 12.00
# Visual Studio Version 17
VisualStudioVersion = 17.2.32602.215
MinimumVisualStudioVersion = 10.0.40219.1
Project("{FAE04EC0-301F-11D3-BF4B-00C04F79EFBC}") = "1. Action Point", "1. Action Point\1. Action Point.csproj", "{22760ED4-B132-422B-AC16-415D2EBA52DD}"
EndProject
Project("{FAE04EC0-301F-11D3-BF4B-00C04F79EFBC}") = "2. Knights of Honor", "2. Knights of Honor\2. Knights of Honor.csproj", "{14A7B4DB-CB73-49BE-B27E-FCB9CDCE36B4}"
EndProject
Project("{FAE04EC0-301F-11D3-BF4B-00C04F79EFBC}") = "3. Custom Min Function", "3. Custom Min Function\3. Custom Min Function.csproj", "{04BBAF1A-B6E7-4316-AF56-EDC0AD2856AF}"
EndProject
Project("{FAE04EC0-301F-11D3-BF4B-00C04F79EFBC}") = "4. Find Even or Odds", "4. Find Even or Odds\4. Find Even or Odds.csproj", "{20FEAEBE-601E-452C-A0CC-AEE3F72DB510}"
EndProject
Global
	GlobalSection(SolutionConfigurationPlatforms) = preSolution
		Debug|Any CPU = Debug|Any CPU
		Release|Any CPU = Release|Any CPU
	EndGlobalSection
	GlobalSection(ProjectConfigurationPlatforms) = postSolution
		{22760ED4-B132-422B-AC16-415D2EBA52DD}.Debug|Any CPU.ActiveCfg = Debug|Any CPU
		{22760ED4-B132-422B-AC16-415D2EBA52DD}.Debug|Any CPU.Build.0 = Debug|Any CPU
		{22760ED4-B132-422B-AC16-415D2EBA52DD}.Release|Any CPU.ActiveCfg = Release|Any CPU
		{22760ED4-B132-422B-AC16-415D2EBA52DD}.Release|Any CPU.Build.0 = Release|Any CPU
		{14A7B4DB-CB73-49BE-B27E-FCB9CDCE36B4}.Debug|Any CPU.ActiveCfg = Debug|Any CPU
		{14A7B4DB-CB73-49BE-B27E-FCB9CDCE36B4}.Debug|Any CPU.Build.0 = Debug|Any CPU
		{14A7B4DB-CB73-49BE-B27E-FCB9CDCE36B4}.Release|Any CPU.ActiveCfg = Release|Any CPU
		{14A7B4DB-CB73-49BE-B27E-FCB9CDCE36B4}.Release|Any CPU.Build.0 = Release|Any CPU
		{04BBAF1A-B6E7-4316-AF56-EDC0AD2856AF}.Debug|Any CPU.ActiveCfg = Debug|Any CPU
		{04BBAF1A-B6E7-4316-AF56-EDC0AD2856AF}.Debug|Any CPU.Build.0 = Debug|Any CPU
		{04BBAF1A-B6E7-4316-AF56-EDC0AD2856AF}.Release|Any CPU.ActiveCfg = Release|Any CPU
		{04BBAF1A-B6E7-4316-AF56-EDC0AD2856AF}.Release|Any CPU.Build.0 = Release|Any CPU
		{20FEAEBE-601E-452C-A0CC-AEE3F72DB510}.Debug|Any CPU.ActiveCfg = Debug|Any CPU
		{20FEAEBE-601E-452C-A0CC-AEE3F72DB510}.Debug|Any CPU.Build.0 = Debug|Any CPU
		{20FEAEBE-601E-452C-A0CC-AEE3F72DB510}.Release|Any CPU.ActiveCfg = Release|Any CPU
		{20FEAEBE-601E-452C-A0CC-AEE3F72DB510}.Release|Any CPU.Build.0 = Release|Any CPU
	EndGlobalSection
	GlobalSection(SolutionProperties) = preSolution
		HideSolutionNode = FALSE
	EndGlobalSection
	GlobalSection(ExtensibilityGlobals) = postSolution
		SolutionGuid = {976731E6-C645-4C2D-946B-303F920A33A9}
	EndGlobalSection
EndGlobal
