
Microsoft Visual Studio Solution File, Format Version 12.00
# Visual Studio Version 17
VisualStudioVersion = 17.2.32602.215
MinimumVisualStudioVersion = 10.0.40219.1
Project("{FAE04EC0-301F-11D3-BF4B-00C04F79EFBC}") = "1.BaristaContest", "1.BaristaContest\1.BaristaContest.csproj", "{7D879FB0-7EB5-42CF-9821-7D0132C7BED3}"
EndProject
Project("{FAE04EC0-301F-11D3-BF4B-00C04F79EFBC}") = "2.HelpAMole", "2.HelpAMole\2.HelpAMole.csproj", "{D889AF15-137B-43FB-AF0C-124E7AD6F342}"
EndProject
Project("{9A19103F-16F7-4668-BE54-9A1E7A4F7556}") = "Basketball", "3.Basketball\Basketball.csproj", "{980DE543-203C-478A-A006-8FB49DBCEE9C}"
EndProject
Global
	GlobalSection(SolutionConfigurationPlatforms) = preSolution
		Debug|Any CPU = Debug|Any CPU
		Release|Any CPU = Release|Any CPU
	EndGlobalSection
	GlobalSection(ProjectConfigurationPlatforms) = postSolution
		{7D879FB0-7EB5-42CF-9821-7D0132C7BED3}.Debug|Any CPU.ActiveCfg = Debug|Any CPU
		{7D879FB0-7EB5-42CF-9821-7D0132C7BED3}.Debug|Any CPU.Build.0 = Debug|Any CPU
		{7D879FB0-7EB5-42CF-9821-7D0132C7BED3}.Release|Any CPU.ActiveCfg = Release|Any CPU
		{7D879FB0-7EB5-42CF-9821-7D0132C7BED3}.Release|Any CPU.Build.0 = Release|Any CPU
		{D889AF15-137B-43FB-AF0C-124E7AD6F342}.Debug|Any CPU.ActiveCfg = Debug|Any CPU
		{D889AF15-137B-43FB-AF0C-124E7AD6F342}.Debug|Any CPU.Build.0 = Debug|Any CPU
		{D889AF15-137B-43FB-AF0C-124E7AD6F342}.Release|Any CPU.ActiveCfg = Release|Any CPU
		{D889AF15-137B-43FB-AF0C-124E7AD6F342}.Release|Any CPU.Build.0 = Release|Any CPU
		{980DE543-203C-478A-A006-8FB49DBCEE9C}.Debug|Any CPU.ActiveCfg = Debug|Any CPU
		{980DE543-203C-478A-A006-8FB49DBCEE9C}.Debug|Any CPU.Build.0 = Debug|Any CPU
		{980DE543-203C-478A-A006-8FB49DBCEE9C}.Release|Any CPU.ActiveCfg = Release|Any CPU
		{980DE543-203C-478A-A006-8FB49DBCEE9C}.Release|Any CPU.Build.0 = Release|Any CPU
	EndGlobalSection
	GlobalSection(SolutionProperties) = preSolution
		HideSolutionNode = FALSE
	EndGlobalSection
	GlobalSection(ExtensibilityGlobals) = postSolution
		SolutionGuid = {8C97E372-1E89-4A52-9F07-6F07D0499BB0}
	EndGlobalSection
EndGlobal
