
Microsoft Visual Studio Solution File, Format Version 12.00
# Visual Studio Version 17
VisualStudioVersion = 17.6.33723.286
MinimumVisualStudioVersion = 10.0.40219.1
Project("{FAE04EC0-301F-11D3-BF4B-00C04F79EFBC}") = "TaskBoardApp", "TaskBoardApp\TaskBoardApp.csproj", "{C5A37875-99E9-4FC4-BA4C-B996A8F54988}"
EndProject
Global
	GlobalSection(SolutionConfigurationPlatforms) = preSolution
		Debug|Any CPU = Debug|Any CPU
		Release|Any CPU = Release|Any CPU
	EndGlobalSection
	GlobalSection(ProjectConfigurationPlatforms) = postSolution
		{C5A37875-99E9-4FC4-BA4C-B996A8F54988}.Debug|Any CPU.ActiveCfg = Debug|Any CPU
		{C5A37875-99E9-4FC4-BA4C-B996A8F54988}.Debug|Any CPU.Build.0 = Debug|Any CPU
		{C5A37875-99E9-4FC4-BA4C-B996A8F54988}.Release|Any CPU.ActiveCfg = Release|Any CPU
		{C5A37875-99E9-4FC4-BA4C-B996A8F54988}.Release|Any CPU.Build.0 = Release|Any CPU
	EndGlobalSection
	GlobalSection(SolutionProperties) = preSolution
		HideSolutionNode = FALSE
	EndGlobalSection
	GlobalSection(ExtensibilityGlobals) = postSolution
		SolutionGuid = {A239524A-7B06-4EB4-ACE7-15DAA76C52D2}
	EndGlobalSection
EndGlobal
