
Microsoft Visual Studio Solution File, Format Version 12.00
# Visual Studio Version 17
VisualStudioVersion = 17.2.32526.322
MinimumVisualStudioVersion = 10.0.40219.1
Project("{9A19103F-16F7-4668-BE54-9A1E7A4F7556}") = "1.SignOfIntegerNumbers", "1.SignOfIntegerNumbers\1.SignOfIntegerNumbers.csproj", "{DDA71CEF-DCEC-41B9-BCE5-70D83D3041D2}"
EndProject
Project("{9A19103F-16F7-4668-BE54-9A1E7A4F7556}") = "2.Grades", "2.Grades\2.Grades.csproj", "{5328DE64-40CD-4ECD-BD92-187692E631DA}"
EndProject
Project("{9A19103F-16F7-4668-BE54-9A1E7A4F7556}") = "3.Calculations", "3.Calculations\3.Calculations.csproj", "{018EB7F9-D24C-4A99-A0C1-9A24BE7B80B0}"
EndProject
Project("{FAE04EC0-301F-11D3-BF4B-00C04F79EFBC}") = "4.PrintingTriangle", "4.PrintingTriangle\4.PrintingTriangle.csproj", "{402057BC-9949-4BCD-ABB8-A43DDEC67488}"
EndProject
Project("{FAE04EC0-301F-11D3-BF4B-00C04F79EFBC}") = "5.Orders", "5.Orders\5.Orders.csproj", "{785853AD-E15E-4F30-BD4A-64203A069873}"
EndProject
Project("{FAE04EC0-301F-11D3-BF4B-00C04F79EFBC}") = "6.CalculateRectangleArea", "6.CalculateRectangleArea\6.CalculateRectangleArea.csproj", "{2DF169D1-145C-4998-9869-72AC0200F6B3}"
EndProject
Project("{FAE04EC0-301F-11D3-BF4B-00C04F79EFBC}") = "7.RepeatString", "7.RepeatString\7.RepeatString.csproj", "{1FC39D91-DAB1-4EC2-9C35-9AA31FAECCE8}"
EndProject
Project("{FAE04EC0-301F-11D3-BF4B-00C04F79EFBC}") = "8.MathPower", "8.MathPower\8.MathPower.csproj", "{09BCEE31-57B5-4F70-8D03-C563786AB5A8}"
EndProject
Project("{FAE04EC0-301F-11D3-BF4B-00C04F79EFBC}") = "9.GreaterOfTwoValues", "9.GreaterOfTwoValues\9.GreaterOfTwoValues.csproj", "{D8C3A432-95C0-4546-B72A-B3ECE1DAFD55}"
EndProject
Project("{FAE04EC0-301F-11D3-BF4B-00C04F79EFBC}") = "10.MultiplyEvensByOdds", "10.MultiplyEvensByOdds\10.MultiplyEvensByOdds.csproj", "{C89012BB-AD42-431F-B766-4E03CF3A6F56}"
EndProject
Project("{FAE04EC0-301F-11D3-BF4B-00C04F79EFBC}") = "11.MathOperations", "11.MathOperations\11.MathOperations.csproj", "{B91C95EE-9848-4CAD-85D7-6734203A945B}"
EndProject
Global
	GlobalSection(SolutionConfigurationPlatforms) = preSolution
		Debug|Any CPU = Debug|Any CPU
		Release|Any CPU = Release|Any CPU
	EndGlobalSection
	GlobalSection(ProjectConfigurationPlatforms) = postSolution
		{DDA71CEF-DCEC-41B9-BCE5-70D83D3041D2}.Debug|Any CPU.ActiveCfg = Debug|Any CPU
		{DDA71CEF-DCEC-41B9-BCE5-70D83D3041D2}.Debug|Any CPU.Build.0 = Debug|Any CPU
		{DDA71CEF-DCEC-41B9-BCE5-70D83D3041D2}.Release|Any CPU.ActiveCfg = Release|Any CPU
		{DDA71CEF-DCEC-41B9-BCE5-70D83D3041D2}.Release|Any CPU.Build.0 = Release|Any CPU
		{5328DE64-40CD-4ECD-BD92-187692E631DA}.Debug|Any CPU.ActiveCfg = Debug|Any CPU
		{5328DE64-40CD-4ECD-BD92-187692E631DA}.Debug|Any CPU.Build.0 = Debug|Any CPU
		{5328DE64-40CD-4ECD-BD92-187692E631DA}.Release|Any CPU.ActiveCfg = Release|Any CPU
		{5328DE64-40CD-4ECD-BD92-187692E631DA}.Release|Any CPU.Build.0 = Release|Any CPU
		{018EB7F9-D24C-4A99-A0C1-9A24BE7B80B0}.Debug|Any CPU.ActiveCfg = Debug|Any CPU
		{018EB7F9-D24C-4A99-A0C1-9A24BE7B80B0}.Debug|Any CPU.Build.0 = Debug|Any CPU
		{018EB7F9-D24C-4A99-A0C1-9A24BE7B80B0}.Release|Any CPU.ActiveCfg = Release|Any CPU
		{018EB7F9-D24C-4A99-A0C1-9A24BE7B80B0}.Release|Any CPU.Build.0 = Release|Any CPU
		{402057BC-9949-4BCD-ABB8-A43DDEC67488}.Debug|Any CPU.ActiveCfg = Debug|Any CPU
		{402057BC-9949-4BCD-ABB8-A43DDEC67488}.Debug|Any CPU.Build.0 = Debug|Any CPU
		{402057BC-9949-4BCD-ABB8-A43DDEC67488}.Release|Any CPU.ActiveCfg = Release|Any CPU
		{402057BC-9949-4BCD-ABB8-A43DDEC67488}.Release|Any CPU.Build.0 = Release|Any CPU
		{785853AD-E15E-4F30-BD4A-64203A069873}.Debug|Any CPU.ActiveCfg = Debug|Any CPU
		{785853AD-E15E-4F30-BD4A-64203A069873}.Debug|Any CPU.Build.0 = Debug|Any CPU
		{785853AD-E15E-4F30-BD4A-64203A069873}.Release|Any CPU.ActiveCfg = Release|Any CPU
		{785853AD-E15E-4F30-BD4A-64203A069873}.Release|Any CPU.Build.0 = Release|Any CPU
		{2DF169D1-145C-4998-9869-72AC0200F6B3}.Debug|Any CPU.ActiveCfg = Debug|Any CPU
		{2DF169D1-145C-4998-9869-72AC0200F6B3}.Debug|Any CPU.Build.0 = Debug|Any CPU
		{2DF169D1-145C-4998-9869-72AC0200F6B3}.Release|Any CPU.ActiveCfg = Release|Any CPU
		{2DF169D1-145C-4998-9869-72AC0200F6B3}.Release|Any CPU.Build.0 = Release|Any CPU
		{1FC39D91-DAB1-4EC2-9C35-9AA31FAECCE8}.Debug|Any CPU.ActiveCfg = Debug|Any CPU
		{1FC39D91-DAB1-4EC2-9C35-9AA31FAECCE8}.Debug|Any CPU.Build.0 = Debug|Any CPU
		{1FC39D91-DAB1-4EC2-9C35-9AA31FAECCE8}.Release|Any CPU.ActiveCfg = Release|Any CPU
		{1FC39D91-DAB1-4EC2-9C35-9AA31FAECCE8}.Release|Any CPU.Build.0 = Release|Any CPU
		{09BCEE31-57B5-4F70-8D03-C563786AB5A8}.Debug|Any CPU.ActiveCfg = Debug|Any CPU
		{09BCEE31-57B5-4F70-8D03-C563786AB5A8}.Debug|Any CPU.Build.0 = Debug|Any CPU
		{09BCEE31-57B5-4F70-8D03-C563786AB5A8}.Release|Any CPU.ActiveCfg = Release|Any CPU
		{09BCEE31-57B5-4F70-8D03-C563786AB5A8}.Release|Any CPU.Build.0 = Release|Any CPU
		{D8C3A432-95C0-4546-B72A-B3ECE1DAFD55}.Debug|Any CPU.ActiveCfg = Debug|Any CPU
		{D8C3A432-95C0-4546-B72A-B3ECE1DAFD55}.Debug|Any CPU.Build.0 = Debug|Any CPU
		{D8C3A432-95C0-4546-B72A-B3ECE1DAFD55}.Release|Any CPU.ActiveCfg = Release|Any CPU
		{D8C3A432-95C0-4546-B72A-B3ECE1DAFD55}.Release|Any CPU.Build.0 = Release|Any CPU
		{C89012BB-AD42-431F-B766-4E03CF3A6F56}.Debug|Any CPU.ActiveCfg = Debug|Any CPU
		{C89012BB-AD42-431F-B766-4E03CF3A6F56}.Debug|Any CPU.Build.0 = Debug|Any CPU
		{C89012BB-AD42-431F-B766-4E03CF3A6F56}.Release|Any CPU.ActiveCfg = Release|Any CPU
		{C89012BB-AD42-431F-B766-4E03CF3A6F56}.Release|Any CPU.Build.0 = Release|Any CPU
		{B91C95EE-9848-4CAD-85D7-6734203A945B}.Debug|Any CPU.ActiveCfg = Debug|Any CPU
		{B91C95EE-9848-4CAD-85D7-6734203A945B}.Debug|Any CPU.Build.0 = Debug|Any CPU
		{B91C95EE-9848-4CAD-85D7-6734203A945B}.Release|Any CPU.ActiveCfg = Release|Any CPU
		{B91C95EE-9848-4CAD-85D7-6734203A945B}.Release|Any CPU.Build.0 = Release|Any CPU
	EndGlobalSection
	GlobalSection(SolutionProperties) = preSolution
		HideSolutionNode = FALSE
	EndGlobalSection
	GlobalSection(ExtensibilityGlobals) = postSolution
		SolutionGuid = {34D5A884-AFBD-49EC-AADC-0034A4382CFA}
	EndGlobalSection
EndGlobal
