
Microsoft Visual Studio Solution File, Format Version 12.00
# Visual Studio Version 17
VisualStudioVersion = 17.2.32602.215
MinimumVisualStudioVersion = 10.0.40219.1
Project("{FAE04EC0-301F-11D3-BF4B-00C04F79EFBC}") = "1.TheFightForGondor", "1.TheFightForGondor\1.TheFightForGondor.csproj", "{C78EC9FB-FFBC-41DB-A3A9-C68BB076533F}"
EndProject
Project("{FAE04EC0-301F-11D3-BF4B-00C04F79EFBC}") = "2.Warships", "2.Warships\2.Warships.csproj", "{B921E304-991B-4EF1-BFF9-CE889175B9B9}"
EndProject
Project("{9A19103F-16F7-4668-BE54-9A1E7A4F7556}") = "TheRace", "The Race - skeleton\TheRace.csproj", "{DD34881F-24A8-47C3-A272-FE1606E95A05}"
EndProject
Global
	GlobalSection(SolutionConfigurationPlatforms) = preSolution
		Debug|Any CPU = Debug|Any CPU
		Release|Any CPU = Release|Any CPU
	EndGlobalSection
	GlobalSection(ProjectConfigurationPlatforms) = postSolution
		{C78EC9FB-FFBC-41DB-A3A9-C68BB076533F}.Debug|Any CPU.ActiveCfg = Debug|Any CPU
		{C78EC9FB-FFBC-41DB-A3A9-C68BB076533F}.Debug|Any CPU.Build.0 = Debug|Any CPU
		{C78EC9FB-FFBC-41DB-A3A9-C68BB076533F}.Release|Any CPU.ActiveCfg = Release|Any CPU
		{C78EC9FB-FFBC-41DB-A3A9-C68BB076533F}.Release|Any CPU.Build.0 = Release|Any CPU
		{B921E304-991B-4EF1-BFF9-CE889175B9B9}.Debug|Any CPU.ActiveCfg = Debug|Any CPU
		{B921E304-991B-4EF1-BFF9-CE889175B9B9}.Debug|Any CPU.Build.0 = Debug|Any CPU
		{B921E304-991B-4EF1-BFF9-CE889175B9B9}.Release|Any CPU.ActiveCfg = Release|Any CPU
		{B921E304-991B-4EF1-BFF9-CE889175B9B9}.Release|Any CPU.Build.0 = Release|Any CPU
		{DD34881F-24A8-47C3-A272-FE1606E95A05}.Debug|Any CPU.ActiveCfg = Debug|Any CPU
		{DD34881F-24A8-47C3-A272-FE1606E95A05}.Debug|Any CPU.Build.0 = Debug|Any CPU
		{DD34881F-24A8-47C3-A272-FE1606E95A05}.Release|Any CPU.ActiveCfg = Release|Any CPU
		{DD34881F-24A8-47C3-A272-FE1606E95A05}.Release|Any CPU.Build.0 = Release|Any CPU
	EndGlobalSection
	GlobalSection(SolutionProperties) = preSolution
		HideSolutionNode = FALSE
	EndGlobalSection
	GlobalSection(ExtensibilityGlobals) = postSolution
		SolutionGuid = {602F5FE6-B47A-4605-8715-01ABAA65EB8E}
	EndGlobalSection
EndGlobal
