
Microsoft Visual Studio Solution File, Format Version 12.00
# Visual Studio Version 17
VisualStudioVersion = 17.2.32602.215
MinimumVisualStudioVersion = 10.0.40219.1
Project("{FAE04EC0-301F-11D3-BF4B-00C04F79EFBC}") = "CustomDoublyLinkedList", "CustomDoublyLinkedList\CustomDoublyLinkedList.csproj", "{5A14B862-99D4-4EE2-840F-8707C19FAE92}"
EndProject
Global
	GlobalSection(SolutionConfigurationPlatforms) = preSolution
		Debug|Any CPU = Debug|Any CPU
		Release|Any CPU = Release|Any CPU
	EndGlobalSection
	GlobalSection(ProjectConfigurationPlatforms) = postSolution
		{5A14B862-99D4-4EE2-840F-8707C19FAE92}.Debug|Any CPU.ActiveCfg = Debug|Any CPU
		{5A14B862-99D4-4EE2-840F-8707C19FAE92}.Debug|Any CPU.Build.0 = Debug|Any CPU
		{5A14B862-99D4-4EE2-840F-8707C19FAE92}.Release|Any CPU.ActiveCfg = Release|Any CPU
		{5A14B862-99D4-4EE2-840F-8707C19FAE92}.Release|Any CPU.Build.0 = Release|Any CPU
	EndGlobalSection
	GlobalSection(SolutionProperties) = preSolution
		HideSolutionNode = FALSE
	EndGlobalSection
	GlobalSection(ExtensibilityGlobals) = postSolution
		SolutionGuid = {01865B6D-54E5-4750-9E51-BAC0F6B82D94}
	EndGlobalSection
EndGlobal
