
Microsoft Visual Studio Solution File, Format Version 12.00
# Visual Studio Version 17
VisualStudioVersion = 17.4.33122.133
MinimumVisualStudioVersion = 10.0.40219.1
Project("{9A19103F-16F7-4668-BE54-9A1E7A4F7556}") = "1. Database First", "1. Database First\1. Database First.csproj", "{73105EFD-BB60-4707-8D71-181593EA8B2C}"
EndProject
Project("{9A19103F-16F7-4668-BE54-9A1E7A4F7556}") = "2. Employees Full Information", "2. Employees Full Information\2. Employees Full Information.csproj", "{4F196BBE-7D70-45DA-B3D1-B57880A85CE0}"
EndProject
Project("{9A19103F-16F7-4668-BE54-9A1E7A4F7556}") = "3. Employees With Salary Over 50000", "3. Employees With Salary Over 50000\3. Employees With Salary Over 50000.csproj", "{FB81253E-E12C-4C95-AA76-02B6E77FD630}"
EndProject
Project("{9A19103F-16F7-4668-BE54-9A1E7A4F7556}") = "4. Employees from RnD", "4. Employees from RnD\4. Employees from RnD.csproj", "{78481012-1375-44E6-9459-D301EBF234E7}"
EndProject
Project("{9A19103F-16F7-4668-BE54-9A1E7A4F7556}") = "5. Adding new address and updating employee", "5. Adding new address and updating employee\5. Adding new address and updating employee.csproj", "{4687146A-E4BF-40A3-AE21-62D1F298F33A}"
EndProject
Project("{9A19103F-16F7-4668-BE54-9A1E7A4F7556}") = "6. Employees and Projects", "6. Employees and Projects\6. Employees and Projects.csproj", "{814B3FBC-1500-4E2D-B15A-7F503549D1C6}"
EndProject
Project("{9A19103F-16F7-4668-BE54-9A1E7A4F7556}") = "7. Addresses By Town", "7. Addresses By Town\7. Addresses By Town.csproj", "{BA9A739F-DC5D-47BD-BB5A-A8DB29666F2F}"
EndProject
Project("{9A19103F-16F7-4668-BE54-9A1E7A4F7556}") = "8. Employee147", "8. Employee147\8. Employee147.csproj", "{3C03077F-F384-4946-AA5B-FB487FA69191}"
EndProject
Project("{FAE04EC0-301F-11D3-BF4B-00C04F79EFBC}") = "9. Departments with More than 5 employees", "9. Departments with More than 5 employees\9. Departments with More than 5 employees.csproj", "{EF755AFC-4120-4A10-ABE2-FCEA71C11A24}"
EndProject
Global
	GlobalSection(SolutionConfigurationPlatforms) = preSolution
		Debug|Any CPU = Debug|Any CPU
		Release|Any CPU = Release|Any CPU
	EndGlobalSection
	GlobalSection(ProjectConfigurationPlatforms) = postSolution
		{73105EFD-BB60-4707-8D71-181593EA8B2C}.Debug|Any CPU.ActiveCfg = Debug|Any CPU
		{73105EFD-BB60-4707-8D71-181593EA8B2C}.Debug|Any CPU.Build.0 = Debug|Any CPU
		{73105EFD-BB60-4707-8D71-181593EA8B2C}.Release|Any CPU.ActiveCfg = Release|Any CPU
		{73105EFD-BB60-4707-8D71-181593EA8B2C}.Release|Any CPU.Build.0 = Release|Any CPU
		{4F196BBE-7D70-45DA-B3D1-B57880A85CE0}.Debug|Any CPU.ActiveCfg = Debug|Any CPU
		{4F196BBE-7D70-45DA-B3D1-B57880A85CE0}.Debug|Any CPU.Build.0 = Debug|Any CPU
		{4F196BBE-7D70-45DA-B3D1-B57880A85CE0}.Release|Any CPU.ActiveCfg = Release|Any CPU
		{4F196BBE-7D70-45DA-B3D1-B57880A85CE0}.Release|Any CPU.Build.0 = Release|Any CPU
		{FB81253E-E12C-4C95-AA76-02B6E77FD630}.Debug|Any CPU.ActiveCfg = Debug|Any CPU
		{FB81253E-E12C-4C95-AA76-02B6E77FD630}.Debug|Any CPU.Build.0 = Debug|Any CPU
		{FB81253E-E12C-4C95-AA76-02B6E77FD630}.Release|Any CPU.ActiveCfg = Release|Any CPU
		{FB81253E-E12C-4C95-AA76-02B6E77FD630}.Release|Any CPU.Build.0 = Release|Any CPU
		{78481012-1375-44E6-9459-D301EBF234E7}.Debug|Any CPU.ActiveCfg = Debug|Any CPU
		{78481012-1375-44E6-9459-D301EBF234E7}.Debug|Any CPU.Build.0 = Debug|Any CPU
		{78481012-1375-44E6-9459-D301EBF234E7}.Release|Any CPU.ActiveCfg = Release|Any CPU
		{78481012-1375-44E6-9459-D301EBF234E7}.Release|Any CPU.Build.0 = Release|Any CPU
		{4687146A-E4BF-40A3-AE21-62D1F298F33A}.Debug|Any CPU.ActiveCfg = Debug|Any CPU
		{4687146A-E4BF-40A3-AE21-62D1F298F33A}.Debug|Any CPU.Build.0 = Debug|Any CPU
		{4687146A-E4BF-40A3-AE21-62D1F298F33A}.Release|Any CPU.ActiveCfg = Release|Any CPU
		{4687146A-E4BF-40A3-AE21-62D1F298F33A}.Release|Any CPU.Build.0 = Release|Any CPU
		{814B3FBC-1500-4E2D-B15A-7F503549D1C6}.Debug|Any CPU.ActiveCfg = Debug|Any CPU
		{814B3FBC-1500-4E2D-B15A-7F503549D1C6}.Debug|Any CPU.Build.0 = Debug|Any CPU
		{814B3FBC-1500-4E2D-B15A-7F503549D1C6}.Release|Any CPU.ActiveCfg = Release|Any CPU
		{814B3FBC-1500-4E2D-B15A-7F503549D1C6}.Release|Any CPU.Build.0 = Release|Any CPU
		{BA9A739F-DC5D-47BD-BB5A-A8DB29666F2F}.Debug|Any CPU.ActiveCfg = Debug|Any CPU
		{BA9A739F-DC5D-47BD-BB5A-A8DB29666F2F}.Debug|Any CPU.Build.0 = Debug|Any CPU
		{BA9A739F-DC5D-47BD-BB5A-A8DB29666F2F}.Release|Any CPU.ActiveCfg = Release|Any CPU
		{BA9A739F-DC5D-47BD-BB5A-A8DB29666F2F}.Release|Any CPU.Build.0 = Release|Any CPU
		{3C03077F-F384-4946-AA5B-FB487FA69191}.Debug|Any CPU.ActiveCfg = Debug|Any CPU
		{3C03077F-F384-4946-AA5B-FB487FA69191}.Debug|Any CPU.Build.0 = Debug|Any CPU
		{3C03077F-F384-4946-AA5B-FB487FA69191}.Release|Any CPU.ActiveCfg = Release|Any CPU
		{3C03077F-F384-4946-AA5B-FB487FA69191}.Release|Any CPU.Build.0 = Release|Any CPU
		{EF755AFC-4120-4A10-ABE2-FCEA71C11A24}.Debug|Any CPU.ActiveCfg = Debug|Any CPU
		{EF755AFC-4120-4A10-ABE2-FCEA71C11A24}.Debug|Any CPU.Build.0 = Debug|Any CPU
		{EF755AFC-4120-4A10-ABE2-FCEA71C11A24}.Release|Any CPU.ActiveCfg = Release|Any CPU
		{EF755AFC-4120-4A10-ABE2-FCEA71C11A24}.Release|Any CPU.Build.0 = Release|Any CPU
	EndGlobalSection
	GlobalSection(SolutionProperties) = preSolution
		HideSolutionNode = FALSE
	EndGlobalSection
	GlobalSection(ExtensibilityGlobals) = postSolution
		SolutionGuid = {85FE46DD-0A9F-4645-A3CA-7DD35AF21E68}
	EndGlobalSection
EndGlobal
