
Microsoft Visual Studio Solution File, Format Version 12.00
# Visual Studio Version 17
VisualStudioVersion = 17.2.32602.215
MinimumVisualStudioVersion = 10.0.40219.1
Project("{9A19103F-16F7-4668-BE54-9A1E7A4F7556}") = "1. Secret Chat", "1. Secret Chat\1. Secret Chat.csproj", "{BCF09F51-46F8-4972-B49A-970434F29EA8}"
EndProject
Project("{9A19103F-16F7-4668-BE54-9A1E7A4F7556}") = "2. Fancy Barcodes", "2. Fancy Barcodes\2. Fancy Barcodes.csproj", "{920CF01E-166A-4028-B029-21C9B58D3673}"
EndProject
Project("{9A19103F-16F7-4668-BE54-9A1E7A4F7556}") = "3. The Pianist", "3. The Pianist\3. The Pianist.csproj", "{2DDE717D-C357-4BD5-9CCF-BE0A09C59E98}"
EndProject
Project("{9A19103F-16F7-4668-BE54-9A1E7A4F7556}") = "1. The Imitation Game", "1. The Imitation Game\1. The Imitation Game.csproj", "{59FA2A16-D59E-49FA-B11C-3CA4743CA538}"
EndProject
Project("{9A19103F-16F7-4668-BE54-9A1E7A4F7556}") = "2. Ad Astra", "2. Ad Astra\2. Ad Astra.csproj", "{FAE1E02A-6B4A-42B2-A8C4-B95A2EC9DB8B}"
EndProject
Project("{9A19103F-16F7-4668-BE54-9A1E7A4F7556}") = "2. Mirror Worlds", "2. Mirror Worlds\2. Mirror Worlds.csproj", "{453B60CF-AC99-43C2-B8AD-D8F091FA4359}"
EndProject
Project("{9A19103F-16F7-4668-BE54-9A1E7A4F7556}") = "3. Need For Speed III", "3. Need For Speed III\3. Need For Speed III.csproj", "{0FF8D7A8-6FAF-4E21-83AE-FF84DCFD48C3}"
EndProject
Project("{9A19103F-16F7-4668-BE54-9A1E7A4F7556}") = "1. World Tour", "1. World Tour\1. World Tour.csproj", "{18605219-BFAE-4B78-8201-FE3309485111}"
EndProject
Project("{9A19103F-16F7-4668-BE54-9A1E7A4F7556}") = "2. Destination Mapper", "2. Destination Mapper\2. Destination Mapper.csproj", "{338AEC5E-B228-48D5-A122-046C53B019B5}"
EndProject
Project("{9A19103F-16F7-4668-BE54-9A1E7A4F7556}") = "3. Need For Speed III Objects", "3. Need For Speed III Objects\3. Need For Speed III Objects.csproj", "{D0D58FC5-A5ED-4B78-B441-EC3216EE5EE7}"
EndProject
Project("{9A19103F-16F7-4668-BE54-9A1E7A4F7556}") = "3. The Pianist Objects", "3. The Pianist Objects\3. The Pianist Objects.csproj", "{7B460DC9-F402-4089-81ED-8CDB169F8614}"
EndProject
Project("{9A19103F-16F7-4668-BE54-9A1E7A4F7556}") = "1. Password Reset", "1. Password Reset\1. Password Reset.csproj", "{BC96DAC7-A68B-420C-B5C5-9FF9E31732CE}"
EndProject
Project("{9A19103F-16F7-4668-BE54-9A1E7A4F7556}") = "3. Heroes of Code and Logic VII", "3. Heroes of Code and Logic VII\3. Heroes of Code and Logic VII.csproj", "{5F4F4E08-E2C3-494E-8065-DDC2887FBB02}"
EndProject
Project("{9A19103F-16F7-4668-BE54-9A1E7A4F7556}") = "3. Plant Discovery", "3. Plant Discovery\3. Plant Discovery.csproj", "{E288D68E-E6EC-4C42-BC22-D0E46FBEF6EC}"
EndProject
Project("{FAE04EC0-301F-11D3-BF4B-00C04F79EFBC}") = "3. Heroes of Code and Logic VII Objects", "3. Heroes of Code and Logic VII Objects\3. Heroes of Code and Logic VII Objects.csproj", "{99DADE0E-0622-48AF-BAAD-649808B88864}"
EndProject
Project("{FAE04EC0-301F-11D3-BF4B-00C04F79EFBC}") = "3. Plant Discovery Objects", "3. Plant Discovery Objects\3. Plant Discovery Objects.csproj", "{D97A04DE-94A4-4E0C-874F-BA5845FFD298}"
EndProject
Global
	GlobalSection(SolutionConfigurationPlatforms) = preSolution
		Debug|Any CPU = Debug|Any CPU
		Release|Any CPU = Release|Any CPU
	EndGlobalSection
	GlobalSection(ProjectConfigurationPlatforms) = postSolution
		{BCF09F51-46F8-4972-B49A-970434F29EA8}.Debug|Any CPU.ActiveCfg = Debug|Any CPU
		{BCF09F51-46F8-4972-B49A-970434F29EA8}.Debug|Any CPU.Build.0 = Debug|Any CPU
		{BCF09F51-46F8-4972-B49A-970434F29EA8}.Release|Any CPU.ActiveCfg = Release|Any CPU
		{BCF09F51-46F8-4972-B49A-970434F29EA8}.Release|Any CPU.Build.0 = Release|Any CPU
		{920CF01E-166A-4028-B029-21C9B58D3673}.Debug|Any CPU.ActiveCfg = Debug|Any CPU
		{920CF01E-166A-4028-B029-21C9B58D3673}.Debug|Any CPU.Build.0 = Debug|Any CPU
		{920CF01E-166A-4028-B029-21C9B58D3673}.Release|Any CPU.ActiveCfg = Release|Any CPU
		{920CF01E-166A-4028-B029-21C9B58D3673}.Release|Any CPU.Build.0 = Release|Any CPU
		{2DDE717D-C357-4BD5-9CCF-BE0A09C59E98}.Debug|Any CPU.ActiveCfg = Debug|Any CPU
		{2DDE717D-C357-4BD5-9CCF-BE0A09C59E98}.Debug|Any CPU.Build.0 = Debug|Any CPU
		{2DDE717D-C357-4BD5-9CCF-BE0A09C59E98}.Release|Any CPU.ActiveCfg = Release|Any CPU
		{2DDE717D-C357-4BD5-9CCF-BE0A09C59E98}.Release|Any CPU.Build.0 = Release|Any CPU
		{59FA2A16-D59E-49FA-B11C-3CA4743CA538}.Debug|Any CPU.ActiveCfg = Debug|Any CPU
		{59FA2A16-D59E-49FA-B11C-3CA4743CA538}.Debug|Any CPU.Build.0 = Debug|Any CPU
		{59FA2A16-D59E-49FA-B11C-3CA4743CA538}.Release|Any CPU.ActiveCfg = Release|Any CPU
		{59FA2A16-D59E-49FA-B11C-3CA4743CA538}.Release|Any CPU.Build.0 = Release|Any CPU
		{FAE1E02A-6B4A-42B2-A8C4-B95A2EC9DB8B}.Debug|Any CPU.ActiveCfg = Debug|Any CPU
		{FAE1E02A-6B4A-42B2-A8C4-B95A2EC9DB8B}.Debug|Any CPU.Build.0 = Debug|Any CPU
		{FAE1E02A-6B4A-42B2-A8C4-B95A2EC9DB8B}.Release|Any CPU.ActiveCfg = Release|Any CPU
		{FAE1E02A-6B4A-42B2-A8C4-B95A2EC9DB8B}.Release|Any CPU.Build.0 = Release|Any CPU
		{453B60CF-AC99-43C2-B8AD-D8F091FA4359}.Debug|Any CPU.ActiveCfg = Debug|Any CPU
		{453B60CF-AC99-43C2-B8AD-D8F091FA4359}.Debug|Any CPU.Build.0 = Debug|Any CPU
		{453B60CF-AC99-43C2-B8AD-D8F091FA4359}.Release|Any CPU.ActiveCfg = Release|Any CPU
		{453B60CF-AC99-43C2-B8AD-D8F091FA4359}.Release|Any CPU.Build.0 = Release|Any CPU
		{0FF8D7A8-6FAF-4E21-83AE-FF84DCFD48C3}.Debug|Any CPU.ActiveCfg = Debug|Any CPU
		{0FF8D7A8-6FAF-4E21-83AE-FF84DCFD48C3}.Debug|Any CPU.Build.0 = Debug|Any CPU
		{0FF8D7A8-6FAF-4E21-83AE-FF84DCFD48C3}.Release|Any CPU.ActiveCfg = Release|Any CPU
		{0FF8D7A8-6FAF-4E21-83AE-FF84DCFD48C3}.Release|Any CPU.Build.0 = Release|Any CPU
		{18605219-BFAE-4B78-8201-FE3309485111}.Debug|Any CPU.ActiveCfg = Debug|Any CPU
		{18605219-BFAE-4B78-8201-FE3309485111}.Debug|Any CPU.Build.0 = Debug|Any CPU
		{18605219-BFAE-4B78-8201-FE3309485111}.Release|Any CPU.ActiveCfg = Release|Any CPU
		{18605219-BFAE-4B78-8201-FE3309485111}.Release|Any CPU.Build.0 = Release|Any CPU
		{338AEC5E-B228-48D5-A122-046C53B019B5}.Debug|Any CPU.ActiveCfg = Debug|Any CPU
		{338AEC5E-B228-48D5-A122-046C53B019B5}.Debug|Any CPU.Build.0 = Debug|Any CPU
		{338AEC5E-B228-48D5-A122-046C53B019B5}.Release|Any CPU.ActiveCfg = Release|Any CPU
		{338AEC5E-B228-48D5-A122-046C53B019B5}.Release|Any CPU.Build.0 = Release|Any CPU
		{D0D58FC5-A5ED-4B78-B441-EC3216EE5EE7}.Debug|Any CPU.ActiveCfg = Debug|Any CPU
		{D0D58FC5-A5ED-4B78-B441-EC3216EE5EE7}.Debug|Any CPU.Build.0 = Debug|Any CPU
		{D0D58FC5-A5ED-4B78-B441-EC3216EE5EE7}.Release|Any CPU.ActiveCfg = Release|Any CPU
		{D0D58FC5-A5ED-4B78-B441-EC3216EE5EE7}.Release|Any CPU.Build.0 = Release|Any CPU
		{7B460DC9-F402-4089-81ED-8CDB169F8614}.Debug|Any CPU.ActiveCfg = Debug|Any CPU
		{7B460DC9-F402-4089-81ED-8CDB169F8614}.Debug|Any CPU.Build.0 = Debug|Any CPU
		{7B460DC9-F402-4089-81ED-8CDB169F8614}.Release|Any CPU.ActiveCfg = Release|Any CPU
		{7B460DC9-F402-4089-81ED-8CDB169F8614}.Release|Any CPU.Build.0 = Release|Any CPU
		{BC96DAC7-A68B-420C-B5C5-9FF9E31732CE}.Debug|Any CPU.ActiveCfg = Debug|Any CPU
		{BC96DAC7-A68B-420C-B5C5-9FF9E31732CE}.Debug|Any CPU.Build.0 = Debug|Any CPU
		{BC96DAC7-A68B-420C-B5C5-9FF9E31732CE}.Release|Any CPU.ActiveCfg = Release|Any CPU
		{BC96DAC7-A68B-420C-B5C5-9FF9E31732CE}.Release|Any CPU.Build.0 = Release|Any CPU
		{5F4F4E08-E2C3-494E-8065-DDC2887FBB02}.Debug|Any CPU.ActiveCfg = Debug|Any CPU
		{5F4F4E08-E2C3-494E-8065-DDC2887FBB02}.Debug|Any CPU.Build.0 = Debug|Any CPU
		{5F4F4E08-E2C3-494E-8065-DDC2887FBB02}.Release|Any CPU.ActiveCfg = Release|Any CPU
		{5F4F4E08-E2C3-494E-8065-DDC2887FBB02}.Release|Any CPU.Build.0 = Release|Any CPU
		{E288D68E-E6EC-4C42-BC22-D0E46FBEF6EC}.Debug|Any CPU.ActiveCfg = Debug|Any CPU
		{E288D68E-E6EC-4C42-BC22-D0E46FBEF6EC}.Debug|Any CPU.Build.0 = Debug|Any CPU
		{E288D68E-E6EC-4C42-BC22-D0E46FBEF6EC}.Release|Any CPU.ActiveCfg = Release|Any CPU
		{E288D68E-E6EC-4C42-BC22-D0E46FBEF6EC}.Release|Any CPU.Build.0 = Release|Any CPU
		{99DADE0E-0622-48AF-BAAD-649808B88864}.Debug|Any CPU.ActiveCfg = Debug|Any CPU
		{99DADE0E-0622-48AF-BAAD-649808B88864}.Debug|Any CPU.Build.0 = Debug|Any CPU
		{99DADE0E-0622-48AF-BAAD-649808B88864}.Release|Any CPU.ActiveCfg = Release|Any CPU
		{99DADE0E-0622-48AF-BAAD-649808B88864}.Release|Any CPU.Build.0 = Release|Any CPU
		{D97A04DE-94A4-4E0C-874F-BA5845FFD298}.Debug|Any CPU.ActiveCfg = Debug|Any CPU
		{D97A04DE-94A4-4E0C-874F-BA5845FFD298}.Debug|Any CPU.Build.0 = Debug|Any CPU
		{D97A04DE-94A4-4E0C-874F-BA5845FFD298}.Release|Any CPU.ActiveCfg = Release|Any CPU
		{D97A04DE-94A4-4E0C-874F-BA5845FFD298}.Release|Any CPU.Build.0 = Release|Any CPU
	EndGlobalSection
	GlobalSection(SolutionProperties) = preSolution
		HideSolutionNode = FALSE
	EndGlobalSection
	GlobalSection(ExtensibilityGlobals) = postSolution
		SolutionGuid = {10BE857C-C5D4-46D8-8550-7F6632FB9C6A}
	EndGlobalSection
EndGlobal
